
Microsoft Visual Studio Solution File, Format Version 12.00
# Visual Studio 2012
Project("{FAE04EC0-301F-11D3-BF4B-00C04F79EFBC}") = "MobileAppsXamarin", "MobileAppsXamarin\MobileAppsXamarin.csproj", "{A2BEEB28-E293-4801-9FF5-3A188BEB98BB}"
EndProject
Project("{FAE04EC0-301F-11D3-BF4B-00C04F79EFBC}") = "MobileAppsXamarin.iOS", "iOS\MobileAppsXamarin.iOS.csproj", "{888D1E63-3CA9-44E7-AD86-B23B7C93E8C8}"
EndProject
Project("{FAE04EC0-301F-11D3-BF4B-00C04F79EFBC}") = "MobileAppsXamarin.Droid", "Droid\MobileAppsXamarin.Droid.csproj", "{60D355C2-9EAF-45A7-9DB7-F2C134EFB2FC}"
EndProject
Global
	GlobalSection(SolutionConfigurationPlatforms) = preSolution
		Debug|Any CPU = Debug|Any CPU
		Release|Any CPU = Release|Any CPU
		Debug|iPhoneSimulator = Debug|iPhoneSimulator
		Release|iPhone = Release|iPhone
		Release|iPhoneSimulator = Release|iPhoneSimulator
		Debug|iPhone = Debug|iPhone
	EndGlobalSection
	GlobalSection(ProjectConfigurationPlatforms) = postSolution
		{A2BEEB28-E293-4801-9FF5-3A188BEB98BB}.Debug|Any CPU.ActiveCfg = Debug|Any CPU
		{A2BEEB28-E293-4801-9FF5-3A188BEB98BB}.Debug|Any CPU.Build.0 = Debug|Any CPU
		{A2BEEB28-E293-4801-9FF5-3A188BEB98BB}.Release|Any CPU.ActiveCfg = Release|Any CPU
		{A2BEEB28-E293-4801-9FF5-3A188BEB98BB}.Release|Any CPU.Build.0 = Release|Any CPU
		{A2BEEB28-E293-4801-9FF5-3A188BEB98BB}.Debug|iPhoneSimulator.ActiveCfg = Debug|Any CPU
		{A2BEEB28-E293-4801-9FF5-3A188BEB98BB}.Debug|iPhoneSimulator.Build.0 = Debug|Any CPU
		{A2BEEB28-E293-4801-9FF5-3A188BEB98BB}.Release|iPhone.ActiveCfg = Release|Any CPU
		{A2BEEB28-E293-4801-9FF5-3A188BEB98BB}.Release|iPhone.Build.0 = Release|Any CPU
		{A2BEEB28-E293-4801-9FF5-3A188BEB98BB}.Release|iPhoneSimulator.ActiveCfg = Release|Any CPU
		{A2BEEB28-E293-4801-9FF5-3A188BEB98BB}.Release|iPhoneSimulator.Build.0 = Release|Any CPU
		{A2BEEB28-E293-4801-9FF5-3A188BEB98BB}.Debug|iPhone.ActiveCfg = Debug|Any CPU
		{A2BEEB28-E293-4801-9FF5-3A188BEB98BB}.Debug|iPhone.Build.0 = Debug|Any CPU
		{888D1E63-3CA9-44E7-AD86-B23B7C93E8C8}.Debug|Any CPU.ActiveCfg = Debug|iPhoneSimulator
		{888D1E63-3CA9-44E7-AD86-B23B7C93E8C8}.Debug|Any CPU.Build.0 = Debug|iPhoneSimulator
		{888D1E63-3CA9-44E7-AD86-B23B7C93E8C8}.Release|Any CPU.ActiveCfg = Release|iPhone
		{888D1E63-3CA9-44E7-AD86-B23B7C93E8C8}.Release|Any CPU.Build.0 = Release|iPhone
		{888D1E63-3CA9-44E7-AD86-B23B7C93E8C8}.Debug|iPhoneSimulator.ActiveCfg = Debug|iPhoneSimulator
		{888D1E63-3CA9-44E7-AD86-B23B7C93E8C8}.Debug|iPhoneSimulator.Build.0 = Debug|iPhoneSimulator
		{888D1E63-3CA9-44E7-AD86-B23B7C93E8C8}.Release|iPhone.ActiveCfg = Release|iPhone
		{888D1E63-3CA9-44E7-AD86-B23B7C93E8C8}.Release|iPhone.Build.0 = Release|iPhone
		{888D1E63-3CA9-44E7-AD86-B23B7C93E8C8}.Release|iPhoneSimulator.ActiveCfg = Release|iPhoneSimulator
		{888D1E63-3CA9-44E7-AD86-B23B7C93E8C8}.Release|iPhoneSimulator.Build.0 = Release|iPhoneSimulator
		{888D1E63-3CA9-44E7-AD86-B23B7C93E8C8}.Debug|iPhone.ActiveCfg = Debug|iPhone
		{888D1E63-3CA9-44E7-AD86-B23B7C93E8C8}.Debug|iPhone.Build.0 = Debug|iPhone
		{60D355C2-9EAF-45A7-9DB7-F2C134EFB2FC}.Debug|Any CPU.ActiveCfg = Debug|Any CPU
		{60D355C2-9EAF-45A7-9DB7-F2C134EFB2FC}.Debug|Any CPU.Build.0 = Debug|Any CPU
		{60D355C2-9EAF-45A7-9DB7-F2C134EFB2FC}.Release|Any CPU.ActiveCfg = Release|Any CPU
		{60D355C2-9EAF-45A7-9DB7-F2C134EFB2FC}.Release|Any CPU.Build.0 = Release|Any CPU
		{60D355C2-9EAF-45A7-9DB7-F2C134EFB2FC}.Debug|iPhoneSimulator.ActiveCfg = Debug|Any CPU
		{60D355C2-9EAF-45A7-9DB7-F2C134EFB2FC}.Debug|iPhoneSimulator.Build.0 = Debug|Any CPU
		{60D355C2-9EAF-45A7-9DB7-F2C134EFB2FC}.Release|iPhone.ActiveCfg = Release|Any CPU
		{60D355C2-9EAF-45A7-9DB7-F2C134EFB2FC}.Release|iPhone.Build.0 = Release|Any CPU
		{60D355C2-9EAF-45A7-9DB7-F2C134EFB2FC}.Release|iPhoneSimulator.ActiveCfg = Release|Any CPU
		{60D355C2-9EAF-45A7-9DB7-F2C134EFB2FC}.Release|iPhoneSimulator.Build.0 = Release|Any CPU
		{60D355C2-9EAF-45A7-9DB7-F2C134EFB2FC}.Debug|iPhone.ActiveCfg = Debug|Any CPU
		{60D355C2-9EAF-45A7-9DB7-F2C134EFB2FC}.Debug|iPhone.Build.0 = Debug|Any CPU
	EndGlobalSection
EndGlobal
